
Microsoft Visual Studio Solution File, Format Version 12.00
# Visual Studio 2012
Project("{888888A0-9F3D-457C-B088-3A5042F75D52}") = "Ajedrez-Python", "Ajedrez-Python.pyproj", "{C39F49F2-1586-4959-B8AD-D3D3CA775AA3}"
EndProject
Global
	GlobalSection(SolutionConfigurationPlatforms) = preSolution
		Debug|Any CPU = Debug|Any CPU
		Release|Any CPU = Release|Any CPU
	EndGlobalSection
	GlobalSection(ProjectConfigurationPlatforms) = postSolution
		{C39F49F2-1586-4959-B8AD-D3D3CA775AA3}.Debug|Any CPU.ActiveCfg = Debug|Any CPU
		{C39F49F2-1586-4959-B8AD-D3D3CA775AA3}.Debug|Any CPU.Build.0 = Debug|Any CPU
		{C39F49F2-1586-4959-B8AD-D3D3CA775AA3}.Release|Any CPU.ActiveCfg = Release|Any CPU
		{C39F49F2-1586-4959-B8AD-D3D3CA775AA3}.Release|Any CPU.Build.0 = Release|Any CPU
	EndGlobalSection
	GlobalSection(SolutionProperties) = preSolution
		HideSolutionNode = FALSE
	EndGlobalSection
EndGlobal
